
Microsoft Visual Studio Solution File, Format Version 12.00
# Visual Studio Version 17
VisualStudioVersion = 17.5.002.0
MinimumVisualStudioVersion = 10.0.40219.1
Project("{9A19103F-16F7-4668-BE54-9A1E7A4F7556}") = "Maior2Numeros", "Maior2Numeros.csproj", "{1BCD7C11-4EE8-4DC4-8CB4-052D4F117CD3}"
EndProject
Global
	GlobalSection(SolutionConfigurationPlatforms) = preSolution
		Debug|Any CPU = Debug|Any CPU
		Release|Any CPU = Release|Any CPU
	EndGlobalSection
	GlobalSection(ProjectConfigurationPlatforms) = postSolution
		{1BCD7C11-4EE8-4DC4-8CB4-052D4F117CD3}.Debug|Any CPU.ActiveCfg = Debug|Any CPU
		{1BCD7C11-4EE8-4DC4-8CB4-052D4F117CD3}.Debug|Any CPU.Build.0 = Debug|Any CPU
		{1BCD7C11-4EE8-4DC4-8CB4-052D4F117CD3}.Release|Any CPU.ActiveCfg = Release|Any CPU
		{1BCD7C11-4EE8-4DC4-8CB4-052D4F117CD3}.Release|Any CPU.Build.0 = Release|Any CPU
	EndGlobalSection
	GlobalSection(SolutionProperties) = preSolution
		HideSolutionNode = FALSE
	EndGlobalSection
	GlobalSection(ExtensibilityGlobals) = postSolution
		SolutionGuid = {8388BD7A-C288-47F5-9BFB-F84E00E771D2}
	EndGlobalSection
EndGlobal
